
Microsoft Visual Studio Solution File, Format Version 12.00
# Visual Studio Version 17
VisualStudioVersion = 17.4.33213.308
MinimumVisualStudioVersion = 10.0.40219.1
Project("{FAE04EC0-301F-11D3-BF4B-00C04F79EFBC}") = "SmartLearning.SmileyOpgave", "SmartLearning.SmileyOpgave\SmartLearning.SmileyOpgave.csproj", "{BC1801EE-67B7-400D-84A0-732441F37C56}"
EndProject
Global
	GlobalSection(SolutionConfigurationPlatforms) = preSolution
		Debug|Any CPU = Debug|Any CPU
		Release|Any CPU = Release|Any CPU
	EndGlobalSection
	GlobalSection(ProjectConfigurationPlatforms) = postSolution
		{BC1801EE-67B7-400D-84A0-732441F37C56}.Debug|Any CPU.ActiveCfg = Debug|Any CPU
		{BC1801EE-67B7-400D-84A0-732441F37C56}.Debug|Any CPU.Build.0 = Debug|Any CPU
		{BC1801EE-67B7-400D-84A0-732441F37C56}.Release|Any CPU.ActiveCfg = Release|Any CPU
		{BC1801EE-67B7-400D-84A0-732441F37C56}.Release|Any CPU.Build.0 = Release|Any CPU
	EndGlobalSection
	GlobalSection(SolutionProperties) = preSolution
		HideSolutionNode = FALSE
	EndGlobalSection
	GlobalSection(ExtensibilityGlobals) = postSolution
		SolutionGuid = {B02FD1A9-5D5D-4951-BED8-324327424D93}
	EndGlobalSection
EndGlobal
